
Microsoft Visual Studio Solution File, Format Version 12.00
# Visual Studio Version 17
VisualStudioVersion = 17.1.32328.378
MinimumVisualStudioVersion = 10.0.40219.1
Project("{FAE04EC0-301F-11D3-BF4B-00C04F79EFBC}") = "ClientApp", "ClientApp.csproj", "{BAEAB119-6CF4-49B1-8BA7-951245D00714}"
EndProject
Global
	GlobalSection(SolutionConfigurationPlatforms) = preSolution
		Debug|Any CPU = Debug|Any CPU
		Release|Any CPU = Release|Any CPU
	EndGlobalSection
	GlobalSection(ProjectConfigurationPlatforms) = postSolution
		{BAEAB119-6CF4-49B1-8BA7-951245D00714}.Debug|Any CPU.ActiveCfg = Debug|Any CPU
		{BAEAB119-6CF4-49B1-8BA7-951245D00714}.Debug|Any CPU.Build.0 = Debug|Any CPU
		{BAEAB119-6CF4-49B1-8BA7-951245D00714}.Release|Any CPU.ActiveCfg = Release|Any CPU
		{BAEAB119-6CF4-49B1-8BA7-951245D00714}.Release|Any CPU.Build.0 = Release|Any CPU
	EndGlobalSection
	GlobalSection(SolutionProperties) = preSolution
		HideSolutionNode = FALSE
	EndGlobalSection
	GlobalSection(ExtensibilityGlobals) = postSolution
		SolutionGuid = {D5C28751-F586-40D9-8FE7-633B00141341}
	EndGlobalSection
EndGlobal
